{
  "lockfileVersion": 1,
  "configVersion": 1,
  "workspaces": {
    "": {
      "name": "embed.rgd.chat",
      "dependencies": {
        "@takumi-rs/core": "^0.73.1",
        "@takumi-rs/helpers": "^0.73.1",
        "@takumi-rs/image-response": "^0.73.1",
        "@types/react": "^19.2.14",
        "react": "^19.2.4",
      },
      "devDependencies": {
        "@types/bun": "latest",
      },
      "peerDependencies": {
        "typescript": "^5",
      },
    },
  },
  "packages": {
    "@takumi-rs/core": ["@takumi-rs/core@0.73.1", "", { "dependencies": { "@takumi-rs/helpers": "0.73.1" }, "optionalDependencies": { "@takumi-rs/core-darwin-arm64": "0.73.1", "@takumi-rs/core-darwin-x64": "0.73.1", "@takumi-rs/core-linux-arm64-gnu": "0.73.1", "@takumi-rs/core-linux-arm64-musl": "0.73.1", "@takumi-rs/core-linux-x64-gnu": "0.73.1", "@takumi-rs/core-linux-x64-musl": "0.73.1", "@takumi-rs/core-win32-arm64-msvc": "0.73.1", "@takumi-rs/core-win32-x64-msvc": "0.73.1" } }, "sha512-+8GNu0O9lDNBjXx2uM3/15zIyTCt+vI3Ltmkudacybnvl6Kx2TMokRWD9/bymg19ZVcGbfOC1FsFIGQdVePCvQ=="],

    "@takumi-rs/core-darwin-arm64": ["@takumi-rs/core-darwin-arm64@0.73.1", "", { "os": "darwin", "cpu": "arm64" }, "sha512-6DQZ7XM6GArr32n9k6Es3/1X0gJHEnVSdUTVUPVGRQrCmscjV07zrTNXn8VoU81XIl5uHQpRgUT9HhaLPbd/ew=="],

    "@takumi-rs/core-darwin-x64": ["@takumi-rs/core-darwin-x64@0.73.1", "", { "os": "darwin", "cpu": "x64" }, "sha512-GUggPolYTa2bAuWu3aqZZCSzCo+ZGFsLKzW+pkc6D8n+PrWCko25vbMpkNhG7Cz5a7UcuWUaTba8rBejNKF/HQ=="],

    "@takumi-rs/core-linux-arm64-gnu": ["@takumi-rs/core-linux-arm64-gnu@0.73.1", "", { "os": "linux", "cpu": "arm64" }, "sha512-NEVs6lu1MeKlZKJjOJdp3pL/lyLpOCr2QHp4zIH4eM5r4kZi2uFj4jgv4U9fqWtiwJaaSdaox4/ffkzBsYcFbw=="],

    "@takumi-rs/core-linux-arm64-musl": ["@takumi-rs/core-linux-arm64-musl@0.73.1", "", { "os": "linux", "cpu": "arm64" }, "sha512-idzxH2JcUo+yD2t7OexbPB5DN+1x88GcpDKoJVvwc2nOxr7KQGdGqALVBOe5i2mNnkUSIr/ZeBz7yBII5bA6ag=="],

    "@takumi-rs/core-linux-x64-gnu": ["@takumi-rs/core-linux-x64-gnu@0.73.1", "", { "os": "linux", "cpu": "x64" }, "sha512-XSOf9b0F5lUScBcGegr8PQWuEJXeFdG7rsZLe1MvTVOzrmzqEhLnaK4xckV1ykWF5qWCf78yArqLt+C7mf+u6Q=="],

    "@takumi-rs/core-linux-x64-musl": ["@takumi-rs/core-linux-x64-musl@0.73.1", "", { "os": "linux", "cpu": "x64" }, "sha512-rHsvVVT+m4+zaIjJxp2dn8ibvjCtXRasByMii6st7zRwioQIibCAMq/Ik/uVcPFpeMBhyai6mGZe0NTWq23ZEA=="],

    "@takumi-rs/core-win32-arm64-msvc": ["@takumi-rs/core-win32-arm64-msvc@0.73.1", "", { "os": "win32", "cpu": "arm64" }, "sha512-YEA79NFEAgCI2bs0L/xRWMlBHo8Z1q+Oy/7pPxu4F7Qxy5JVGYwd3UDKnf01os2eNfdNmMI+7t0F5sderk6hiQ=="],

    "@takumi-rs/core-win32-x64-msvc": ["@takumi-rs/core-win32-x64-msvc@0.73.1", "", { "os": "win32", "cpu": "x64" }, "sha512-/vluH32+cST6CBM1n1XUTjnRCkfDmQxqRrM1v8Ccpv1aKHrYdh2BRz47oY2hFiEcO4jyP36lmhPvDUS8odVaFw=="],

    "@takumi-rs/helpers": ["@takumi-rs/helpers@0.73.1", "", {}, "sha512-OONKM9+XtiRp7s2e3kwbnTyF9cYqk6L8d7Q2KG449OjphdlhuCZhVwmpqHI2nHEgL1TLC2LEHzxJHvfyAIdNBw=="],

    "@takumi-rs/image-response": ["@takumi-rs/image-response@0.73.1", "", { "dependencies": { "@takumi-rs/core": "0.73.1", "@takumi-rs/helpers": "0.73.1", "@takumi-rs/wasm": "0.73.1" } }, "sha512-5/Sl1fgnQNG8FPsWgLeHiSpkh1DACKkYxDXcc/6suJq5IhPU4l4ydo8q4aP9zVmD4QSQfu69Jy7Leabx5tonJQ=="],

    "@takumi-rs/wasm": ["@takumi-rs/wasm@0.73.1", "", { "dependencies": { "@takumi-rs/helpers": "0.73.1" } }, "sha512-WDrstyQettPQSmYDyj7lrJMKlm3E5dg0ZC+PFvKTdfP4aMTZgWBchIL3MfdUwpRIRf96sdL+pAdrwI42X9iRXg=="],

    "@types/bun": ["@types/bun@1.3.11", "", { "dependencies": { "bun-types": "1.3.11" } }, "sha512-5vPne5QvtpjGpsGYXiFyycfpDF2ECyPcTSsFBMa0fraoxiQyMJ3SmuQIGhzPg2WJuWxVBoxWJ2kClYTcw/4fAg=="],

    "@types/node": ["@types/node@25.5.0", "", { "dependencies": { "undici-types": "~7.18.0" } }, "sha512-jp2P3tQMSxWugkCUKLRPVUpGaL5MVFwF8RDuSRztfwgN1wmqJeMSbKlnEtQqU8UrhTmzEmZdu2I6v2dpp7XIxw=="],

    "@types/react": ["@types/react@19.2.14", "", { "dependencies": { "csstype": "^3.2.2" } }, "sha512-ilcTH/UniCkMdtexkoCN0bI7pMcJDvmQFPvuPvmEaYA/NSfFTAgdUSLAoVjaRJm7+6PvcM+q1zYOwS4wTYMF9w=="],

    "bun-types": ["bun-types@1.3.11", "", { "dependencies": { "@types/node": "*" } }, "sha512-1KGPpoxQWl9f6wcZh57LvrPIInQMn2TQ7jsgxqpRzg+l0QPOFvJVH7HmvHo/AiPgwXy+/Thf6Ov3EdVn1vOabg=="],

    "csstype": ["csstype@3.2.3", "", {}, "sha512-z1HGKcYy2xA8AGQfwrn0PAy+PB7X/GSj3UVJW9qKyn43xWa+gl5nXmU4qqLMRzWVLFC8KusUX8T/0kCiOYpAIQ=="],

    "react": ["react@19.2.4", "", {}, "sha512-9nfp2hYpCwOjAN+8TZFGhtWEwgvWHXqESH8qT89AT/lWklpLON22Lc8pEtnpsZz7VmawabSU0gCjnj8aC0euHQ=="],

    "typescript": ["typescript@5.9.3", "", { "bin": { "tsc": "bin/tsc", "tsserver": "bin/tsserver" } }, "sha512-jl1vZzPDinLr9eUt3J/t7V6FgNEw9QjvBPdysz9KfQDD41fQrC2Y4vKQdiaUpFT4bXlb1RHhLpp8wtm6M5TgSw=="],

    "undici-types": ["undici-types@7.18.2", "", {}, "sha512-AsuCzffGHJybSaRrmr5eHr81mwJU3kjw6M+uprWvCXiNeN9SOGwQ3Jn8jb8m3Z6izVgknn1R0FTCEAP2QrLY/w=="],
  }
}
