{
  "lockfileVersion": 1,
  "configVersion": 1,
  "workspaces": {
    "": {
      "name": "embed.rgd.chat",
      "dependencies": {
        "@biomejs/biome": "^2.5.2",
        "@takumi-rs/core": "^2.0.0-rc.9",
        "@takumi-rs/helpers": "^2.0.0-rc.9",
        "@takumi-rs/image-response": "^2.0.0-rc.9",
        "@takumi-rs/wasm": "^2.0.0-rc.9",
        "@types/react": "^19.2.17",
        "react": "^19.2.7",
        "takumi-js": "^2.0.0-rc.9",
      },
      "devDependencies": {
        "@types/bun": "1.3.14",
      },
      "peerDependencies": {
        "typescript": "^6.0.3",
      },
    },
  },
  "packages": {
    "@biomejs/biome": ["@biomejs/biome@2.5.2", "", { "optionalDependencies": { "@biomejs/cli-darwin-arm64": "2.5.2", "@biomejs/cli-darwin-x64": "2.5.2", "@biomejs/cli-linux-arm64": "2.5.2", "@biomejs/cli-linux-arm64-musl": "2.5.2", "@biomejs/cli-linux-x64": "2.5.2", "@biomejs/cli-linux-x64-musl": "2.5.2", "@biomejs/cli-win32-arm64": "2.5.2", "@biomejs/cli-win32-x64": "2.5.2" }, "bin": { "biome": "bin/biome" } }, "sha512-VQ3RCqr7JmDIX+w6stWYl+g/3bYofN3q2wDBHUKKc/c7i5QWrFKFBZYCYPWTE6agsUPMIZZe6/CMmVUfUAhkKA=="],

    "@biomejs/cli-darwin-arm64": ["@biomejs/cli-darwin-arm64@2.5.2", "", { "os": "darwin", "cpu": "arm64" }, "sha512-e7P3P7EkwFc/KiX2AHw4YDLIBOMfG9CPCAwy52k5Bp0dfhkozx9hf6wCmIr2QeXy2XeccJ3V/Sg+hDmzYEqxSg=="],

    "@biomejs/cli-darwin-x64": ["@biomejs/cli-darwin-x64@2.5.2", "", { "os": "darwin", "cpu": "x64" }, "sha512-ymzMvjC1Jg0b9K0D26ZdARqFQXs7MocfLC5FOCGfkC0Ss+ACUJkX5364ZM5nT4NLZanHRZNVrZEy+Ibwcvux/g=="],

    "@biomejs/cli-linux-arm64": ["@biomejs/cli-linux-arm64@2.5.2", "", { "os": "linux", "cpu": "arm64" }, "sha512-t7sseOmqND57uUWTwlawU6BYj+J06T/9EkydzBhkrgw/FK3QVhjU2wsJR0frljrKZ0/I8A/rYw7284QgqjQfIQ=="],

    "@biomejs/cli-linux-arm64-musl": ["@biomejs/cli-linux-arm64-musl@2.5.2", "", { "os": "linux", "cpu": "arm64" }, "sha512-w+ANG0ZvTu9IeEg9QnstoOnk6L0fpwJifW6aHR18+cb5Z39bkANItYjAfMrnvce5tmMK+IQ6nPX7/kQFdam5iw=="],

    "@biomejs/cli-linux-x64": ["@biomejs/cli-linux-x64@2.5.2", "", { "os": "linux", "cpu": "x64" }, "sha512-M/lOZrewzTCRDINbjhQ1gYYru37KlD3kJBQwwKCG0ckz5E9IZwIoJ3X0wBwRXA+yBDIwWUuPBHS67HzJY4dTfA=="],

    "@biomejs/cli-linux-x64-musl": ["@biomejs/cli-linux-x64-musl@2.5.2", "", { "os": "linux", "cpu": "x64" }, "sha512-VArNLAzND063tF+XY0yPyM+DyahpzOMzOAvb7qs259nhjJWRjvjZdssuA+Rfl+l07+NOesKZ0Xu2yFrXyBMtzw=="],

    "@biomejs/cli-win32-arm64": ["@biomejs/cli-win32-arm64@2.5.2", "", { "os": "win32", "cpu": "arm64" }, "sha512-kbjFFKyZlzYnAuw7sRy5qDoFG6zrP40UK08oPQsWK0ct3NMnGSt+Bs1iviEEyEIP57N5MrykGXdO/wRiaR4lww=="],

    "@biomejs/cli-win32-x64": ["@biomejs/cli-win32-x64@2.5.2", "", { "os": "win32", "cpu": "x64" }, "sha512-4InchVpdVmdkkkgjQqKpgvyu+VPnoF/7RPSw5YATgEVpt2j72wcCAeV5TwaE9ZGJUZWZn7v2CwSAj6CrMJEx8A=="],

    "@takumi-rs/core": ["@takumi-rs/core@2.0.0-rc.9", "", { "dependencies": { "@takumi-rs/helpers": "2.0.0-rc.9", "csstype": "^3.2.3" }, "optionalDependencies": { "@takumi-rs/core-darwin-arm64": "2.0.0-rc.9", "@takumi-rs/core-darwin-x64": "2.0.0-rc.9", "@takumi-rs/core-linux-arm64-gnu": "2.0.0-rc.9", "@takumi-rs/core-linux-arm64-musl": "2.0.0-rc.9", "@takumi-rs/core-linux-x64-gnu": "2.0.0-rc.9", "@takumi-rs/core-linux-x64-musl": "2.0.0-rc.9", "@takumi-rs/core-win32-arm64-msvc": "2.0.0-rc.9", "@takumi-rs/core-win32-x64-msvc": "2.0.0-rc.9" } }, "sha512-cqUVNxLAHq6VpIYjp/qDvtXoVjXSa0ElQMx2PN65rqU/c7NQTxRWbaageA6GD01+kClVIWtkbcad9M+BO06AZw=="],

    "@takumi-rs/core-darwin-arm64": ["@takumi-rs/core-darwin-arm64@2.0.0-rc.9", "", { "os": "darwin", "cpu": "arm64" }, "sha512-fSG7MzXGQC403IElrDz02M1RKxg3o6UbjrIWOTH8si7s7yVQKn4jgkudGqsUTlepg1Ezsljfpt62g5plHnr8kw=="],

    "@takumi-rs/core-darwin-x64": ["@takumi-rs/core-darwin-x64@2.0.0-rc.9", "", { "os": "darwin", "cpu": "x64" }, "sha512-EirRy+BMCWEWNpClzusQfn/UmosW0vornKnLpUBufVIjiN6a813bKngCRwb8p/sNphRvrp1ENc+kS7NM5dyn7g=="],

    "@takumi-rs/core-linux-arm64-gnu": ["@takumi-rs/core-linux-arm64-gnu@2.0.0-rc.9", "", { "os": "linux", "cpu": "arm64" }, "sha512-YpGnbuRJoS8niNcYf/odUdIzF8Yv31j5gd//u/ZvDP7xYVZ6+EkiWemrM1SWumvcSiAjLdNXw/t60kTEuvfXsQ=="],

    "@takumi-rs/core-linux-arm64-musl": ["@takumi-rs/core-linux-arm64-musl@2.0.0-rc.9", "", { "os": "linux", "cpu": "arm64" }, "sha512-+N8KIYPVKQYc4eb5nWePH2+nlVx+gv7sidPrZAssnwPYMBELEPv2Vfo9mMTQ05B+7abYQWJl8sbI3bMjRuWGDw=="],

    "@takumi-rs/core-linux-x64-gnu": ["@takumi-rs/core-linux-x64-gnu@2.0.0-rc.9", "", { "os": "linux", "cpu": "x64" }, "sha512-NXLhA+4axtWvIGmVl5h0KO5W9bZhQ69DCJhRLcqXB6NGX4MlOLcHKJd9ozGbtE8YcJeIvxBcbwdzq3hirfz+Vg=="],

    "@takumi-rs/core-linux-x64-musl": ["@takumi-rs/core-linux-x64-musl@2.0.0-rc.9", "", { "os": "linux", "cpu": "x64" }, "sha512-pdnKDaGUEQ+cp4vF1OzIpM3B+Qevx9oPV0gBLrsmymNBqq29zXqDUOGHk8ZrbzjcK7AgAadPRNS3nA4Jaqb/Mw=="],

    "@takumi-rs/core-win32-arm64-msvc": ["@takumi-rs/core-win32-arm64-msvc@2.0.0-rc.9", "", { "os": "win32", "cpu": "arm64" }, "sha512-+Dsi/gMtbRdbMCcLhc5bExxyohLPB+Ku1gBYqevoJ/+C+/MPrBODsXZY9jPsWcENq7dSKrguMxGWnkRwhFdOhQ=="],

    "@takumi-rs/core-win32-x64-msvc": ["@takumi-rs/core-win32-x64-msvc@2.0.0-rc.9", "", { "os": "win32", "cpu": "x64" }, "sha512-qwsqxyfoC2sMPAdu/cGYVQ6FbFXZgSzDrX0EOq2eUA0IR/dpqQ9IiDfRLLZN2GB7ftTNujcifVZI8rmU1dtM4Q=="],

    "@takumi-rs/helpers": ["@takumi-rs/helpers@2.0.0-rc.9", "", { "peerDependencies": { "react": "^18.0.0 || ^19.0.0", "react-dom": "^18.0.0 || ^19.0.0" }, "optionalPeers": ["react", "react-dom"] }, "sha512-0E9SPdQNPmcc8gJ/SHPsA4zKPZ4fiwWxbshbgCZ97yaPzm7W3phUktwgcCzS9VRjGZ1tWK/STb/NkwskFn4cvQ=="],

    "@takumi-rs/image-response": ["@takumi-rs/image-response@2.0.0-rc.9", "", { "dependencies": { "takumi-js": "2.0.0-rc.9" } }, "sha512-tydCZyqZfEoe5N9iiTOdy+KpUR96rqSWBqmFDOsBLZhYyDgs9SNrXKRUlGshMkTR0bkxcfCYBOVatd94QZGMSQ=="],

    "@takumi-rs/wasm": ["@takumi-rs/wasm@2.0.0-rc.9", "", { "dependencies": { "@takumi-rs/helpers": "2.0.0-rc.9", "csstype": "^3.2.3" } }, "sha512-VKDrdBklYFjB0OtrY8hIEXJnus9/98lqJaP1x3L+/NmuFC7YG79kDYvtzqxQfVMgR3DjmpuS4/UZQhSniBvrpw=="],

    "@types/bun": ["@types/bun@1.3.14", "", { "dependencies": { "bun-types": "1.3.14" } }, "sha512-h1hFqFVcvAvD9j9K7ZW7vd82aSA+rTdznZa+5bwvCwqSB1jmmfLcbIWhOLx1/+boy/xmjgCs/OMUL8hRJSmnPw=="],

    "@types/node": ["@types/node@25.5.0", "", { "dependencies": { "undici-types": "~7.18.0" } }, "sha512-jp2P3tQMSxWugkCUKLRPVUpGaL5MVFwF8RDuSRztfwgN1wmqJeMSbKlnEtQqU8UrhTmzEmZdu2I6v2dpp7XIxw=="],

    "@types/react": ["@types/react@19.2.17", "", { "dependencies": { "csstype": "^3.2.2" } }, "sha512-MXfmqaVPEVgkBT/aY0aGCkRWWtByiYQXo3xdQ8r5RzuFrPiRn8Gar2tQdXSUQ2GKV3bkXckek89V8wQBY2Q/Aw=="],

    "bun-types": ["bun-types@1.3.14", "", { "dependencies": { "@types/node": "*" } }, "sha512-4N0ig0fEomHt5R0KCFWjovxow98rIoRwKolrYdCcknNwMekCXRnWEUvgu5soYV8QXtVsrUD8B95MBOZGPvr6KQ=="],

    "csstype": ["csstype@3.2.3", "", {}, "sha512-z1HGKcYy2xA8AGQfwrn0PAy+PB7X/GSj3UVJW9qKyn43xWa+gl5nXmU4qqLMRzWVLFC8KusUX8T/0kCiOYpAIQ=="],

    "react": ["react@19.2.7", "", {}, "sha512-HNe9WslTbXmFK8o8cmwgAeJFSBvt1bPdHCVKtaaV+WlAN36mpT4hcRpwbf3fY56ar2oIXzsBpOAiIRHAdY0OlQ=="],

    "takumi-js": ["takumi-js@2.0.0-rc.9", "", { "dependencies": { "@takumi-rs/core": "2.0.0-rc.9", "@takumi-rs/helpers": "2.0.0-rc.9", "@takumi-rs/wasm": "2.0.0-rc.9" } }, "sha512-RoGNKNhVvbtDn/PTRRVXwdgUHLNqo2wTn6UcIlp09aquSdWz9izVC21jbpfgHqVRXJchRX9OQI7eVMeI11zCgA=="],

    "typescript": ["typescript@5.9.3", "", { "bin": { "tsc": "bin/tsc", "tsserver": "bin/tsserver" } }, "sha512-jl1vZzPDinLr9eUt3J/t7V6FgNEw9QjvBPdysz9KfQDD41fQrC2Y4vKQdiaUpFT4bXlb1RHhLpp8wtm6M5TgSw=="],

    "undici-types": ["undici-types@7.18.2", "", {}, "sha512-AsuCzffGHJybSaRrmr5eHr81mwJU3kjw6M+uprWvCXiNeN9SOGwQ3Jn8jb8m3Z6izVgknn1R0FTCEAP2QrLY/w=="],
  }
}
